// !$*UTF8*$!
{
	archiveVersion = 1;
	classes = {
	};
	objectVersion = 77;
	objects = {

/* Begin PBXBuildFile section */
		7FC7C1E72CB339D500642F63 /* Nuke in Frameworks */ = {isa = PBXBuildFile; productRef = 7FC7C1E62CB339D500642F63 /* Nuke */; };
		7FC7C1E92CB339D500642F63 /* NukeExtensions in Frameworks */ = {isa = PBXBuildFile; productRef = 7FC7C1E82CB339D500642F63 /* NukeExtensions */; };
		7FC7C1ED2CB33FFF00642F63 /* NukeUI in Frameworks */ = {isa = PBXBuildFile; productRef = 7FC7C1EC2CB33FFF00642F63 /* NukeUI */; };
		7FC7C1F12CB34B7000642F63 /* README.md in Resources */ = {isa = PBXBuildFile; fileRef = 7FC7C1F02CB34B6C00642F63 /* README.md */; };
/* End PBXBuildFile section */

/* Begin PBXContainerItemProxy section */
		7FC7C1C52CB114B000642F63 /* PBXContainerItemProxy */ = {
			isa = PBXContainerItemProxy;
			containerPortal = 7FC7C1AC2CB114AE00642F63 /* Project object */;
			proxyType = 1;
			remoteGlobalIDString = 7FC7C1B32CB114AE00642F63;
			remoteInfo = FetchMobileRecipes;
		};
		7FC7C1CF2CB114B000642F63 /* PBXContainerItemProxy */ = {
			isa = PBXContainerItemProxy;
			containerPortal = 7FC7C1AC2CB114AE00642F63 /* Project object */;
			proxyType = 1;
			remoteGlobalIDString = 7FC7C1B32CB114AE00642F63;
			remoteInfo = FetchMobileRecipes;
		};
/* End PBXContainerItemProxy section */

/* Begin PBXFileReference section */
		7F9680FC2CB35BD600A46AAB /* FetchMobileRecipes.xctestplan */ = {isa = PBXFileReference; lastKnownFileType = text; path = FetchMobileRecipes.xctestplan; sourceTree = "<group>"; };
		7FC7C1B42CB114AE00642F63 /* FetchMobileRecipes.app */ = {isa = PBXFileReference; explicitFileType = wrapper.application; includeInIndex = 0; path = FetchMobileRecipes.app; sourceTree = BUILT_PRODUCTS_DIR; };
		7FC7C1C42CB114B000642F63 /* FetchMobileRecipesTests.xctest */ = {isa = PBXFileReference; explicitFileType = wrapper.cfbundle; includeInIndex = 0; path = FetchMobileRecipesTests.xctest; sourceTree = BUILT_PRODUCTS_DIR; };
		7FC7C1CE2CB114B000642F63 /* FetchMobileRecipesUITests.xctest */ = {isa = PBXFileReference; explicitFileType = wrapper.cfbundle; includeInIndex = 0; path = FetchMobileRecipesUITests.xctest; sourceTree = BUILT_PRODUCTS_DIR; };
		7FC7C1F02CB34B6C00642F63 /* README.md */ = {isa = PBXFileReference; lastKnownFileType = net.daringfireball.markdown; path = README.md; sourceTree = "<group>"; };
/* End PBXFileReference section */

/* Begin PBXFileSystemSynchronizedRootGroup section */
		7FC7C1B62CB114AE00642F63 /* FetchMobileRecipes */ = {
			isa = PBXFileSystemSynchronizedRootGroup;
			path = FetchMobileRecipes;
			sourceTree = "<group>";
		};
		7FC7C1C72CB114B000642F63 /* FetchMobileRecipesTests */ = {
			isa = PBXFileSystemSynchronizedRootGroup;
			path = FetchMobileRecipesTests;
			sourceTree = "<group>";
		};
		7FC7C1D12CB114B000642F63 /* FetchMobileRecipesUITests */ = {
			isa = PBXFileSystemSynchronizedRootGroup;
			path = FetchMobileRecipesUITests;
			sourceTree = "<group>";
		};
/* End PBXFileSystemSynchronizedRootGroup section */

/* Begin PBXFrameworksBuildPhase section */
		7FC7C1B12CB114AE00642F63 /* Frameworks */ = {
			isa = PBXFrameworksBuildPhase;
			buildActionMask = 2147483647;
			files = (
				7FC7C1ED2CB33FFF00642F63 /* NukeUI in Frameworks */,
				7FC7C1E72CB339D500642F63 /* Nuke in Frameworks */,
				7FC7C1E92CB339D500642F63 /* NukeExtensions in Frameworks */,
			);
			runOnlyForDeploymentPostprocessing = 0;
		};
		7FC7C1C12CB114B000642F63 /* Frameworks */ = {
			isa = PBXFrameworksBuildPhase;
			buildActionMask = 2147483647;
			files = (
			);
			runOnlyForDeploymentPostprocessing = 0;
		};
		7FC7C1CB2CB114B000642F63 /* Frameworks */ = {
			isa = PBXFrameworksBuildPhase;
			buildActionMask = 2147483647;
			files = (
			);
			runOnlyForDeploymentPostprocessing = 0;
		};
/* End PBXFrameworksBuildPhase section */

/* Begin PBXGroup section */
		7FC7C1AB2CB114AE00642F63 = {
			isa = PBXGroup;
			children = (
				7F9680FC2CB35BD600A46AAB /* FetchMobileRecipes.xctestplan */,
				7FC7C1F02CB34B6C00642F63 /* README.md */,
				7FC7C1B62CB114AE00642F63 /* FetchMobileRecipes */,
				7FC7C1C72CB114B000642F63 /* FetchMobileRecipesTests */,
				7FC7C1D12CB114B000642F63 /* FetchMobileRecipesUITests */,
				7FC7C1B52CB114AE00642F63 /* Products */,
			);
			sourceTree = "<group>";
		};
		7FC7C1B52CB114AE00642F63 /* Products */ = {
			isa = PBXGroup;
			children = (
				7FC7C1B42CB114AE00642F63 /* FetchMobileRecipes.app */,
				7FC7C1C42CB114B000642F63 /* FetchMobileRecipesTests.xctest */,
				7FC7C1CE2CB114B000642F63 /* FetchMobileRecipesUITests.xctest */,
			);
			name = Products;
			sourceTree = "<group>";
		};
/* End PBXGroup section */

/* Begin PBXNativeTarget section */
		7FC7C1B32CB114AE00642F63 /* FetchMobileRecipes */ = {
			isa = PBXNativeTarget;
			buildConfigurationList = 7FC7C1D82CB114B000642F63 /* Build configuration list for PBXNativeTarget "FetchMobileRecipes" */;
			buildPhases = (
				7FC7C1B02CB114AE00642F63 /* Sources */,
				7FC7C1B12CB114AE00642F63 /* Frameworks */,
				7FC7C1B22CB114AE00642F63 /* Resources */,
			);
			buildRules = (
			);
			dependencies = (
			);
			fileSystemSynchronizedGroups = (
				7FC7C1B62CB114AE00642F63 /* FetchMobileRecipes */,
			);
			name = FetchMobileRecipes;
			packageProductDependencies = (
				7FC7C1E62CB339D500642F63 /* Nuke */,
				7FC7C1E82CB339D500642F63 /* NukeExtensions */,
				7FC7C1EC2CB33FFF00642F63 /* NukeUI */,
			);
			productName = FetchMobileRecipes;
			productReference = 7FC7C1B42CB114AE00642F63 /* FetchMobileRecipes.app */;
			productType = "com.apple.product-type.application";
		};
		7FC7C1C32CB114B000642F63 /* FetchMobileRecipesTests */ = {
			isa = PBXNativeTarget;
			buildConfigurationList = 7FC7C1DB2CB114B000642F63 /* Build configuration list for PBXNativeTarget "FetchMobileRecipesTests" */;
			buildPhases = (
				7FC7C1C02CB114B000642F63 /* Sources */,
				7FC7C1C12CB114B000642F63 /* Frameworks */,
				7FC7C1C22CB114B000642F63 /* Resources */,
			);
			buildRules = (
			);
			dependencies = (
				7FC7C1C62CB114B000642F63 /* PBXTargetDependency */,
			);
			fileSystemSynchronizedGroups = (
				7FC7C1C72CB114B000642F63 /* FetchMobileRecipesTests */,
			);
			name = FetchMobileRecipesTests;
			packageProductDependencies = (
			);
			productName = FetchMobileRecipesTests;
			productReference = 7FC7C1C42CB114B000642F63 /* FetchMobileRecipesTests.xctest */;
			productType = "com.apple.product-type.bundle.unit-test";
		};
		7FC7C1CD2CB114B000642F63 /* FetchMobileRecipesUITests */ = {
			isa = PBXNativeTarget;
			buildConfigurationList = 7FC7C1DE2CB114B000642F63 /* Build configuration list for PBXNativeTarget "FetchMobileRecipesUITests" */;
			buildPhases = (
				7FC7C1CA2CB114B000642F63 /* Sources */,
				7FC7C1CB2CB114B000642F63 /* Frameworks */,
				7FC7C1CC2CB114B000642F63 /* Resources */,
			);
			buildRules = (
			);
			dependencies = (
				7FC7C1D02CB114B000642F63 /* PBXTargetDependency */,
			);
			fileSystemSynchronizedGroups = (
				7FC7C1D12CB114B000642F63 /* FetchMobileRecipesUITests */,
			);
			name = FetchMobileRecipesUITests;
			packageProductDependencies = (
			);
			productName = FetchMobileRecipesUITests;
			productReference = 7FC7C1CE2CB114B000642F63 /* FetchMobileRecipesUITests.xctest */;
			productType = "com.apple.product-type.bundle.ui-testing";
		};
/* End PBXNativeTarget section */

/* Begin PBXProject section */
		7FC7C1AC2CB114AE00642F63 /* Project object */ = {
			isa = PBXProject;
			attributes = {
				BuildIndependentTargetsInParallel = 1;
				LastSwiftUpdateCheck = 1600;
				LastUpgradeCheck = 1600;
				TargetAttributes = {
					7FC7C1B32CB114AE00642F63 = {
						CreatedOnToolsVersion = 16.0;
					};
					7FC7C1C32CB114B000642F63 = {
						CreatedOnToolsVersion = 16.0;
						TestTargetID = 7FC7C1B32CB114AE00642F63;
					};
					7FC7C1CD2CB114B000642F63 = {
						CreatedOnToolsVersion = 16.0;
						TestTargetID = 7FC7C1B32CB114AE00642F63;
					};
				};
			};
			buildConfigurationList = 7FC7C1AF2CB114AE00642F63 /* Build configuration list for PBXProject "FetchMobileRecipes" */;
			developmentRegion = en;
			hasScannedForEncodings = 0;
			knownRegions = (
				en,
				Base,
			);
			mainGroup = 7FC7C1AB2CB114AE00642F63;
			minimizedProjectReferenceProxies = 1;
			packageReferences = (
				7FC7C1E52CB339D400642F63 /* XCRemoteSwiftPackageReference "Nuke" */,
			);
			preferredProjectObjectVersion = 77;
			productRefGroup = 7FC7C1B52CB114AE00642F63 /* Products */;
			projectDirPath = "";
			projectRoot = "";
			targets = (
				7FC7C1B32CB114AE00642F63 /* FetchMobileRecipes */,
				7FC7C1C32CB114B000642F63 /* FetchMobileRecipesTests */,
				7FC7C1CD2CB114B000642F63 /* FetchMobileRecipesUITests */,
			);
		};
/* End PBXProject section */

/* Begin PBXResourcesBuildPhase section */
		7FC7C1B22CB114AE00642F63 /* Resources */ = {
			isa = PBXResourcesBuildPhase;
			buildActionMask = 2147483647;
			files = (
				7FC7C1F12CB34B7000642F63 /* README.md in Resources */,
			);
			runOnlyForDeploymentPostprocessing = 0;
		};
		7FC7C1C22CB114B000642F63 /* Resources */ = {
			isa = PBXResourcesBuildPhase;
			buildActionMask = 2147483647;
			files = (
			);
			runOnlyForDeploymentPostprocessing = 0;
		};
		7FC7C1CC2CB114B000642F63 /* Resources */ = {
			isa = PBXResourcesBuildPhase;
			buildActionMask = 2147483647;
			files = (
			);
			runOnlyForDeploymentPostprocessing = 0;
		};
/* End PBXResourcesBuildPhase section */

/* Begin PBXSourcesBuildPhase section */
		7FC7C1B02CB114AE00642F63 /* Sources */ = {
			isa = PBXSourcesBuildPhase;
			buildActionMask = 2147483647;
			files = (
			);
			runOnlyForDeploymentPostprocessing = 0;
		};
		7FC7C1C02CB114B000642F63 /* Sources */ = {
			isa = PBXSourcesBuildPhase;
			buildActionMask = 2147483647;
			files = (
			);
			runOnlyForDeploymentPostprocessing = 0;
		};
		7FC7C1CA2CB114B000642F63 /* Sources */ = {
			isa = PBXSourcesBuildPhase;
			buildActionMask = 2147483647;
			files = (
			);
			runOnlyForDeploymentPostprocessing = 0;
		};
/* End PBXSourcesBuildPhase section */

/* Begin PBXTargetDependency section */
		7FC7C1C62CB114B000642F63 /* PBXTargetDependency */ = {
			isa = PBXTargetDependency;
			target = 7FC7C1B32CB114AE00642F63 /* FetchMobileRecipes */;
			targetProxy = 7FC7C1C52CB114B000642F63 /* PBXContainerItemProxy */;
		};
		7FC7C1D02CB114B000642F63 /* PBXTargetDependency */ = {
			isa = PBXTargetDependency;
			target = 7FC7C1B32CB114AE00642F63 /* FetchMobileRecipes */;
			targetProxy = 7FC7C1CF2CB114B000642F63 /* PBXContainerItemProxy */;
		};
/* End PBXTargetDependency section */

/* Begin XCBuildConfiguration section */
		7FC7C1D62CB114B000642F63 /* Debug */ = {
			isa = XCBuildConfiguration;
			buildSettings = {
				ALWAYS_SEARCH_USER_PATHS = NO;
				ASSETCATALOG_COMPILER_GENERATE_SWIFT_ASSET_SYMBOL_EXTENSIONS = YES;
				CLANG_ANALYZER_NONNULL = YES;
				CLANG_ANALYZER_NUMBER_OBJECT_CONVERSION = YES_AGGRESSIVE;
				CLANG_CXX_LANGUAGE_STANDARD = "gnu++20";
				CLANG_ENABLE_MODULES = YES;
				CLANG_ENABLE_OBJC_ARC = YES;
				CLANG_ENABLE_OBJC_WEAK = YES;
				CLANG_WARN_BLOCK_CAPTURE_AUTORELEASING = YES;
				CLANG_WARN_BOOL_CONVERSION = YES;
				CLANG_WARN_COMMA = YES;
				CLANG_WARN_CONSTANT_CONVERSION = YES;
				CLANG_WARN_DEPRECATED_OBJC_IMPLEMENTATIONS = YES;
				CLANG_WARN_DIRECT_OBJC_ISA_USAGE = YES_ERROR;
				CLANG_WARN_DOCUMENTATION_COMMENTS = YES;
				CLANG_WARN_EMPTY_BODY = YES;
				CLANG_WARN_ENUM_CONVERSION = YES;
				CLANG_WARN_INFINITE_RECURSION = YES;
				CLANG_WARN_INT_CONVERSION = YES;
				CLANG_WARN_NON_LITERAL_NULL_CONVERSION = YES;
				CLANG_WARN_OBJC_IMPLICIT_RETAIN_SELF = YES;
				CLANG_WARN_OBJC_LITERAL_CONVERSION = YES;
				CLANG_WARN_OBJC_ROOT_CLASS = YES_ERROR;
				CLANG_WARN_QUOTED_INCLUDE_IN_FRAMEWORK_HEADER = YES;
				CLANG_WARN_RANGE_LOOP_ANALYSIS = YES;
				CLANG_WARN_STRICT_PROTOTYPES = YES;
				CLANG_WARN_SUSPICIOUS_MOVE = YES;
				CLANG_WARN_UNGUARDED_AVAILABILITY = YES_AGGRESSIVE;
				CLANG_WARN_UNREACHABLE_CODE = YES;
				CLANG_WARN__DUPLICATE_METHOD_MATCH = YES;
				COPY_PHASE_STRIP = NO;
				DEBUG_INFORMATION_FORMAT = dwarf;
				ENABLE_STRICT_OBJC_MSGSEND = YES;
				ENABLE_TESTABILITY = YES;
				ENABLE_USER_SCRIPT_SANDBOXING = YES;
				GCC_C_LANGUAGE_STANDARD = gnu17;
				GCC_DYNAMIC_NO_PIC = NO;
				GCC_NO_COMMON_BLOCKS = YES;
				GCC_OPTIMIZATION_LEVEL = 0;
				GCC_PREPROCESSOR_DEFINITIONS = (
					"DEBUG=1",
					"$(inherited)",
				);
				GCC_WARN_64_TO_32_BIT_CONVERSION = YES;
				GCC_WARN_ABOUT_RETURN_TYPE = YES_ERROR;
				GCC_WARN_UNDECLARED_SELECTOR = YES;
				GCC_WARN_UNINITIALIZED_AUTOS = YES_AGGRESSIVE;
				GCC_WARN_UNUSED_FUNCTION = YES;
				GCC_WARN_UNUSED_VARIABLE = YES;
				IPHONEOS_DEPLOYMENT_TARGET = 18.0;
				LOCALIZATION_PREFERS_STRING_CATALOGS = YES;
				MTL_ENABLE_DEBUG_INFO = INCLUDE_SOURCE;
				MTL_FAST_MATH = YES;
				ONLY_ACTIVE_ARCH = YES;
				SDKROOT = iphoneos;
				SWIFT_ACTIVE_COMPILATION_CONDITIONS = "DEBUG $(inherited)";
				SWIFT_OPTIMIZATION_LEVEL = "-Onone";
			};
			name = Debug;
		};
		7FC7C1D72CB114B000642F63 /* Release */ = {
			isa = XCBuildConfiguration;
			buildSettings = {
				ALWAYS_SEARCH_USER_PATHS = NO;
				ASSETCATALOG_COMPILER_GENERATE_SWIFT_ASSET_SYMBOL_EXTENSIONS = YES;
				CLANG_ANALYZER_NONNULL = YES;
				CLANG_ANALYZER_NUMBER_OBJECT_CONVERSION = YES_AGGRESSIVE;
				CLANG_CXX_LANGUAGE_STANDARD = "gnu++20";
				CLANG_ENABLE_MODULES = YES;
				CLANG_ENABLE_OBJC_ARC = YES;
				CLANG_ENABLE_OBJC_WEAK = YES;
				CLANG_WARN_BLOCK_CAPTURE_AUTORELEASING = YES;
				CLANG_WARN_BOOL_CONVERSION = YES;
				CLANG_WARN_COMMA = YES;
				CLANG_WARN_CONSTANT_CONVERSION = YES;
				CLANG_WARN_DEPRECATED_OBJC_IMPLEMENTATIONS = YES;
				CLANG_WARN_DIRECT_OBJC_ISA_USAGE = YES_ERROR;
				CLANG_WARN_DOCUMENTATION_COMMENTS = YES;
				CLANG_WARN_EMPTY_BODY = YES;
				CLANG_WARN_ENUM_CONVERSION = YES;
				CLANG_WARN_INFINITE_RECURSION = YES;
				CLANG_WARN_INT_CONVERSION = YES;
				CLANG_WARN_NON_LITERAL_NULL_CONVERSION = YES;
				CLANG_WARN_OBJC_IMPLICIT_RETAIN_SELF = YES;
				CLANG_WARN_OBJC_LITERAL_CONVERSION = YES;
				CLANG_WARN_OBJC_ROOT_CLASS = YES_ERROR;
				CLANG_WARN_QUOTED_INCLUDE_IN_FRAMEWORK_HEADER = YES;
				CLANG_WARN_RANGE_LOOP_ANALYSIS = YES;
				CLANG_WARN_STRICT_PROTOTYPES = YES;
				CLANG_WARN_SUSPICIOUS_MOVE = YES;
				CLANG_WARN_UNGUARDED_AVAILABILITY = YES_AGGRESSIVE;
				CLANG_WARN_UNREACHABLE_CODE = YES;
				CLANG_WARN__DUPLICATE_METHOD_MATCH = YES;
				COPY_PHASE_STRIP = NO;
				DEBUG_INFORMATION_FORMAT = "dwarf-with-dsym";
				ENABLE_NS_ASSERTIONS = NO;
				ENABLE_STRICT_OBJC_MSGSEND = YES;
				ENABLE_USER_SCRIPT_SANDBOXING = YES;
				GCC_C_LANGUAGE_STANDARD = gnu17;
				GCC_NO_COMMON_BLOCKS = YES;
				GCC_WARN_64_TO_32_BIT_CONVERSION = YES;
				GCC_WARN_ABOUT_RETURN_TYPE = YES_ERROR;
				GCC_WARN_UNDECLARED_SELECTOR = YES;
				GCC_WARN_UNINITIALIZED_AUTOS = YES_AGGRESSIVE;
				GCC_WARN_UNUSED_FUNCTION = YES;
				GCC_WARN_UNUSED_VARIABLE = YES;
				IPHONEOS_DEPLOYMENT_TARGET = 18.0;
				LOCALIZATION_PREFERS_STRING_CATALOGS = YES;
				MTL_ENABLE_DEBUG_INFO = NO;
				MTL_FAST_MATH = YES;
				SDKROOT = iphoneos;
				SWIFT_COMPILATION_MODE = wholemodule;
				VALIDATE_PRODUCT = YES;
			};
			name = Release;
		};
		7FC7C1D92CB114B000642F63 /* Debug */ = {
			isa = XCBuildConfiguration;
			buildSettings = {
				ASSETCATALOG_COMPILER_APPICON_NAME = AppIcon;
				ASSETCATALOG_COMPILER_GLOBAL_ACCENT_COLOR_NAME = AccentColor;
				CODE_SIGN_STYLE = Automatic;
				CURRENT_PROJECT_VERSION = 1;
				DEVELOPMENT_ASSET_PATHS = "\"FetchMobileRecipes/Preview Content\"";
				DEVELOPMENT_TEAM = GRK4GZN3MC;
				ENABLE_PREVIEWS = YES;
				GENERATE_INFOPLIST_FILE = YES;
				INFOPLIST_KEY_UIApplicationSceneManifest_Generation = YES;
				INFOPLIST_KEY_UIApplicationSupportsIndirectInputEvents = YES;
				INFOPLIST_KEY_UILaunchScreen_Generation = YES;
				INFOPLIST_KEY_UISupportedInterfaceOrientations_iPad = "UIInterfaceOrientationPortrait UIInterfaceOrientationPortraitUpsideDown UIInterfaceOrientationLandscapeLeft UIInterfaceOrientationLandscapeRight";
				INFOPLIST_KEY_UISupportedInterfaceOrientations_iPhone = "UIInterfaceOrientationPortrait UIInterfaceOrientationLandscapeLeft UIInterfaceOrientationLandscapeRight";
				IPHONEOS_DEPLOYMENT_TARGET = 16.0;
				LD_RUNPATH_SEARCH_PATHS = (
					"$(inherited)",
					"@executable_path/Frameworks",
				);
				MARKETING_VERSION = 1.0;
				PRODUCT_BUNDLE_IDENTIFIER = com.briangoo.FetchMobileRecipes;
				PRODUCT_NAME = "$(TARGET_NAME)";
				SWIFT_EMIT_LOC_STRINGS = YES;
				SWIFT_VERSION = 5.0;
				TARGETED_DEVICE_FAMILY = "1,2";
			};
			name = Debug;
		};
		7FC7C1DA2CB114B000642F63 /* Release */ = {
			isa = XCBuildConfiguration;
			buildSettings = {
				ASSETCATALOG_COMPILER_APPICON_NAME = AppIcon;
				ASSETCATALOG_COMPILER_GLOBAL_ACCENT_COLOR_NAME = AccentColor;
				CODE_SIGN_STYLE = Automatic;
				CURRENT_PROJECT_VERSION = 1;
				DEVELOPMENT_ASSET_PATHS = "\"FetchMobileRecipes/Preview Content\"";
				DEVELOPMENT_TEAM = GRK4GZN3MC;
				ENABLE_PREVIEWS = YES;
				GENERATE_INFOPLIST_FILE = YES;
				INFOPLIST_KEY_UIApplicationSceneManifest_Generation = YES;
				INFOPLIST_KEY_UIApplicationSupportsIndirectInputEvents = YES;
				INFOPLIST_KEY_UILaunchScreen_Generation = YES;
				INFOPLIST_KEY_UISupportedInterfaceOrientations_iPad = "UIInterfaceOrientationPortrait UIInterfaceOrientationPortraitUpsideDown UIInterfaceOrientationLandscapeLeft UIInterfaceOrientationLandscapeRight";
				INFOPLIST_KEY_UISupportedInterfaceOrientations_iPhone = "UIInterfaceOrientationPortrait UIInterfaceOrientationLandscapeLeft UIInterfaceOrientationLandscapeRight";
				IPHONEOS_DEPLOYMENT_TARGET = 16.0;
				LD_RUNPATH_SEARCH_PATHS = (
					"$(inherited)",
					"@executable_path/Frameworks",
				);
				MARKETING_VERSION = 1.0;
				PRODUCT_BUNDLE_IDENTIFIER = com.briangoo.FetchMobileRecipes;
				PRODUCT_NAME = "$(TARGET_NAME)";
				SWIFT_EMIT_LOC_STRINGS = YES;
				SWIFT_VERSION = 5.0;
				TARGETED_DEVICE_FAMILY = "1,2";
			};
			name = Release;
		};
		7FC7C1DC2CB114B000642F63 /* Debug */ = {
			isa = XCBuildConfiguration;
			buildSettings = {
				BUNDLE_LOADER = "$(TEST_HOST)";
				CODE_SIGN_STYLE = Automatic;
				CURRENT_PROJECT_VERSION = 1;
				DEVELOPMENT_TEAM = GRK4GZN3MC;
				GENERATE_INFOPLIST_FILE = YES;
				IPHONEOS_DEPLOYMENT_TARGET = 18.0;
				MARKETING_VERSION = 1.0;
				PRODUCT_BUNDLE_IDENTIFIER = com.briangoo.FetchMobileRecipesTests;
				PRODUCT_NAME = "$(TARGET_NAME)";
				SWIFT_EMIT_LOC_STRINGS = NO;
				SWIFT_VERSION = 5.0;
				TARGETED_DEVICE_FAMILY = "1,2";
				TEST_HOST = "$(BUILT_PRODUCTS_DIR)/FetchMobileRecipes.app/$(BUNDLE_EXECUTABLE_FOLDER_PATH)/FetchMobileRecipes";
			};
			name = Debug;
		};
		7FC7C1DD2CB114B000642F63 /* Release */ = {
			isa = XCBuildConfiguration;
			buildSettings = {
				BUNDLE_LOADER = "$(TEST_HOST)";
				CODE_SIGN_STYLE = Automatic;
				CURRENT_PROJECT_VERSION = 1;
				DEVELOPMENT_TEAM = GRK4GZN3MC;
				GENERATE_INFOPLIST_FILE = YES;
				IPHONEOS_DEPLOYMENT_TARGET = 18.0;
				MARKETING_VERSION = 1.0;
				PRODUCT_BUNDLE_IDENTIFIER = com.briangoo.FetchMobileRecipesTests;
				PRODUCT_NAME = "$(TARGET_NAME)";
				SWIFT_EMIT_LOC_STRINGS = NO;
				SWIFT_VERSION = 5.0;
				TARGETED_DEVICE_FAMILY = "1,2";
				TEST_HOST = "$(BUILT_PRODUCTS_DIR)/FetchMobileRecipes.app/$(BUNDLE_EXECUTABLE_FOLDER_PATH)/FetchMobileRecipes";
			};
			name = Release;
		};
		7FC7C1DF2CB114B000642F63 /* Debug */ = {
			isa = XCBuildConfiguration;
			buildSettings = {
				CODE_SIGN_STYLE = Automatic;
				CURRENT_PROJECT_VERSION = 1;
				DEVELOPMENT_TEAM = GRK4GZN3MC;
				GENERATE_INFOPLIST_FILE = YES;
				MARKETING_VERSION = 1.0;
				PRODUCT_BUNDLE_IDENTIFIER = com.briangoo.FetchMobileRecipesUITests;
				PRODUCT_NAME = "$(TARGET_NAME)";
				SWIFT_EMIT_LOC_STRINGS = NO;
				SWIFT_VERSION = 5.0;
				TARGETED_DEVICE_FAMILY = "1,2";
				TEST_TARGET_NAME = FetchMobileRecipes;
			};
			name = Debug;
		};
		7FC7C1E02CB114B000642F63 /* Release */ = {
			isa = XCBuildConfiguration;
			buildSettings = {
				CODE_SIGN_STYLE = Automatic;
				CURRENT_PROJECT_VERSION = 1;
				DEVELOPMENT_TEAM = GRK4GZN3MC;
				GENERATE_INFOPLIST_FILE = YES;
				MARKETING_VERSION = 1.0;
				PRODUCT_BUNDLE_IDENTIFIER = com.briangoo.FetchMobileRecipesUITests;
				PRODUCT_NAME = "$(TARGET_NAME)";
				SWIFT_EMIT_LOC_STRINGS = NO;
				SWIFT_VERSION = 5.0;
				TARGETED_DEVICE_FAMILY = "1,2";
				TEST_TARGET_NAME = FetchMobileRecipes;
			};
			name = Release;
		};
/* End XCBuildConfiguration section */

/* Begin XCConfigurationList section */
		7FC7C1AF2CB114AE00642F63 /* Build configuration list for PBXProject "FetchMobileRecipes" */ = {
			isa = XCConfigurationList;
			buildConfigurations = (
				7FC7C1D62CB114B000642F63 /* Debug */,
				7FC7C1D72CB114B000642F63 /* Release */,
			);
			defaultConfigurationIsVisible = 0;
			defaultConfigurationName = Release;
		};
		7FC7C1D82CB114B000642F63 /* Build configuration list for PBXNativeTarget "FetchMobileRecipes" */ = {
			isa = XCConfigurationList;
			buildConfigurations = (
				7FC7C1D92CB114B000642F63 /* Debug */,
				7FC7C1DA2CB114B000642F63 /* Release */,
			);
			defaultConfigurationIsVisible = 0;
			defaultConfigurationName = Release;
		};
		7FC7C1DB2CB114B000642F63 /* Build configuration list for PBXNativeTarget "FetchMobileRecipesTests" */ = {
			isa = XCConfigurationList;
			buildConfigurations = (
				7FC7C1DC2CB114B000642F63 /* Debug */,
				7FC7C1DD2CB114B000642F63 /* Release */,
			);
			defaultConfigurationIsVisible = 0;
			defaultConfigurationName = Release;
		};
		7FC7C1DE2CB114B000642F63 /* Build configuration list for PBXNativeTarget "FetchMobileRecipesUITests" */ = {
			isa = XCConfigurationList;
			buildConfigurations = (
				7FC7C1DF2CB114B000642F63 /* Debug */,
				7FC7C1E02CB114B000642F63 /* Release */,
			);
			defaultConfigurationIsVisible = 0;
			defaultConfigurationName = Release;
		};
/* End XCConfigurationList section */

/* Begin XCRemoteSwiftPackageReference section */
		7FC7C1E52CB339D400642F63 /* XCRemoteSwiftPackageReference "Nuke" */ = {
			isa = XCRemoteSwiftPackageReference;
			repositoryURL = "https://github.com/kean/Nuke";
			requirement = {
				kind = upToNextMajorVersion;
				minimumVersion = 12.8.0;
			};
		};
/* End XCRemoteSwiftPackageReference section */

/* Begin XCSwiftPackageProductDependency section */
		7FC7C1E62CB339D500642F63 /* Nuke */ = {
			isa = XCSwiftPackageProductDependency;
			package = 7FC7C1E52CB339D400642F63 /* XCRemoteSwiftPackageReference "Nuke" */;
			productName = Nuke;
		};
		7FC7C1E82CB339D500642F63 /* NukeExtensions */ = {
			isa = XCSwiftPackageProductDependency;
			package = 7FC7C1E52CB339D400642F63 /* XCRemoteSwiftPackageReference "Nuke" */;
			productName = NukeExtensions;
		};
		7FC7C1EC2CB33FFF00642F63 /* NukeUI */ = {
			isa = XCSwiftPackageProductDependency;
			package = 7FC7C1E52CB339D400642F63 /* XCRemoteSwiftPackageReference "Nuke" */;
			productName = NukeUI;
		};
/* End XCSwiftPackageProductDependency section */
	};
	rootObject = 7FC7C1AC2CB114AE00642F63 /* Project object */;
}
